
Microsoft Visual Studio Solution File, Format Version 12.00
# Visual Studio Version 16
VisualStudioVersion = 16.0.28803.352
MinimumVisualStudioVersion = 10.0.40219.1
Project("{FAE04EC0-301F-11D3-BF4B-00C04F79EFBC}") = "Take_Out_Project_MVC", "Take_Out_Project_MVC\Take_Out_Project_MVC.csproj", "{17CADA49-97D7-4B49-9E90-2FF2971BA215}"
EndProject
Global
	GlobalSection(SolutionConfigurationPlatforms) = preSolution
		Debug|Any CPU = Debug|Any CPU
		Release|Any CPU = Release|Any CPU
	EndGlobalSection
	GlobalSection(ProjectConfigurationPlatforms) = postSolution
		{17CADA49-97D7-4B49-9E90-2FF2971BA215}.Debug|Any CPU.ActiveCfg = Debug|Any CPU
		{17CADA49-97D7-4B49-9E90-2FF2971BA215}.Debug|Any CPU.Build.0 = Debug|Any CPU
		{17CADA49-97D7-4B49-9E90-2FF2971BA215}.Release|Any CPU.ActiveCfg = Release|Any CPU
		{17CADA49-97D7-4B49-9E90-2FF2971BA215}.Release|Any CPU.Build.0 = Release|Any CPU
	EndGlobalSection
	GlobalSection(SolutionProperties) = preSolution
		HideSolutionNode = FALSE
	EndGlobalSection
	GlobalSection(ExtensibilityGlobals) = postSolution
		SolutionGuid = {89C99B3F-3015-439C-A128-F4556EF60B8A}
	EndGlobalSection
EndGlobal
